
Microsoft Visual Studio Solution File, Format Version 12.00
# Visual Studio Version 16
VisualStudioVersion = 16.0.30907.101
MinimumVisualStudioVersion = 10.0.40219.1
Project("{FAE04EC0-301F-11D3-BF4B-00C04F79EFBC}") = "(P) Classes 3", "(P) Classes 3\(P) Classes 3.csproj", "{65D59CC8-71DB-40EF-833F-52C879165F39}"
EndProject
Global
	GlobalSection(SolutionConfigurationPlatforms) = preSolution
		Debug|Any CPU = Debug|Any CPU
		Release|Any CPU = Release|Any CPU
	EndGlobalSection
	GlobalSection(ProjectConfigurationPlatforms) = postSolution
		{65D59CC8-71DB-40EF-833F-52C879165F39}.Debug|Any CPU.ActiveCfg = Debug|Any CPU
		{65D59CC8-71DB-40EF-833F-52C879165F39}.Debug|Any CPU.Build.0 = Debug|Any CPU
		{65D59CC8-71DB-40EF-833F-52C879165F39}.Release|Any CPU.ActiveCfg = Release|Any CPU
		{65D59CC8-71DB-40EF-833F-52C879165F39}.Release|Any CPU.Build.0 = Release|Any CPU
	EndGlobalSection
	GlobalSection(SolutionProperties) = preSolution
		HideSolutionNode = FALSE
	EndGlobalSection
	GlobalSection(ExtensibilityGlobals) = postSolution
		SolutionGuid = {F9D563BC-FE27-40E8-9D40-ACEA040F8314}
	EndGlobalSection
EndGlobal
